
Microsoft Visual Studio Solution File, Format Version 12.00
# Visual Studio Version 17
VisualStudioVersion = 17.7.34031.279
MinimumVisualStudioVersion = 10.0.40219.1
Project("{9A19103F-16F7-4668-BE54-9A1E7A4F7556}") = "MS.Test", "MS.Test\MS.Test.csproj", "{BF5BF968-6D88-4522-8316-94B595D53073}"
EndProject
Project("{9A19103F-16F7-4668-BE54-9A1E7A4F7556}") = "xUnit.Test", "xUnit.Test\xUnit.Test.csproj", "{D3039BFB-13AD-420A-A244-F3F0AEA418CC}"
EndProject
Project("{FAE04EC0-301F-11D3-BF4B-00C04F79EFBC}") = "TestProject", "TestProject\TestProject.csproj", "{899D94C6-3BA2-43E9-ABD5-3936AD2F265A}"
EndProject
Global
	GlobalSection(SolutionConfigurationPlatforms) = preSolution
		Debug|Any CPU = Debug|Any CPU
		Release|Any CPU = Release|Any CPU
	EndGlobalSection
	GlobalSection(ProjectConfigurationPlatforms) = postSolution
		{BF5BF968-6D88-4522-8316-94B595D53073}.Debug|Any CPU.ActiveCfg = Debug|Any CPU
		{BF5BF968-6D88-4522-8316-94B595D53073}.Debug|Any CPU.Build.0 = Debug|Any CPU
		{BF5BF968-6D88-4522-8316-94B595D53073}.Release|Any CPU.ActiveCfg = Release|Any CPU
		{BF5BF968-6D88-4522-8316-94B595D53073}.Release|Any CPU.Build.0 = Release|Any CPU
		{D3039BFB-13AD-420A-A244-F3F0AEA418CC}.Debug|Any CPU.ActiveCfg = Debug|Any CPU
		{D3039BFB-13AD-420A-A244-F3F0AEA418CC}.Debug|Any CPU.Build.0 = Debug|Any CPU
		{D3039BFB-13AD-420A-A244-F3F0AEA418CC}.Release|Any CPU.ActiveCfg = Release|Any CPU
		{D3039BFB-13AD-420A-A244-F3F0AEA418CC}.Release|Any CPU.Build.0 = Release|Any CPU
		{899D94C6-3BA2-43E9-ABD5-3936AD2F265A}.Debug|Any CPU.ActiveCfg = Debug|Any CPU
		{899D94C6-3BA2-43E9-ABD5-3936AD2F265A}.Debug|Any CPU.Build.0 = Debug|Any CPU
		{899D94C6-3BA2-43E9-ABD5-3936AD2F265A}.Release|Any CPU.ActiveCfg = Release|Any CPU
		{899D94C6-3BA2-43E9-ABD5-3936AD2F265A}.Release|Any CPU.Build.0 = Release|Any CPU
	EndGlobalSection
	GlobalSection(SolutionProperties) = preSolution
		HideSolutionNode = FALSE
	EndGlobalSection
	GlobalSection(ExtensibilityGlobals) = postSolution
		SolutionGuid = {CE05EA16-CBD9-4449-BF9D-0BBBB25C4FA0}
	EndGlobalSection
EndGlobal
